// !$*UTF8*$!
{
	archiveVersion = 1;
	classes = {};
	objectVersion = 56;
	objects = {

/* Begin PBXBuildFile section */
		C42553084C334331ACE3EF81 /* ContentView.swift in Sources */ = {isa = PBXBuildFile; fileRef = 9FF9EA1D242D4981BE86443A /* ContentView.swift */; };
		DB8A32BA64B54771BC8C2E4B /* LanguageRouletteApp.swift in Sources */ = {isa = PBXBuildFile; fileRef = 4DB18991E80248A98ED29839 /* LanguageRouletteApp.swift */; };
		08E32F856CAE4F2DA11F408A /* AppTheme.swift in Sources */ = {isa = PBXBuildFile; fileRef = 45677ED8F7714E18B6B9B626 /* AppTheme.swift */; };
		C16415F7AE294311BE5BEFCD /* ButtonStyles.swift in Sources */ = {isa = PBXBuildFile; fileRef = 9F0F334BC79547D691FBCF2A /* ButtonStyles.swift */; };
		183F847340EB4E3289D18A99 /* Category.swift in Sources */ = {isa = PBXBuildFile; fileRef = ED3B03EEB1674FB79BF0C2E5 /* Category.swift */; };
		14C12348298A438F92C391AC /* ConfigureView.swift in Sources */ = {isa = PBXBuildFile; fileRef = D82DEB8831C74681954DBCD0 /* ConfigureView.swift */; };
		57155EBC6EE34CAB8B5549BF /* ConfigureViewModel.swift in Sources */ = {isa = PBXBuildFile; fileRef = E4264B130CBE4C6AAD40D02B /* ConfigureViewModel.swift */; };
		C16FD9CD4DF148428CEE879D /* CelebrationView.swift in Sources */ = {isa = PBXBuildFile; fileRef = 4BCD22CC99BB4BE89A532F05 /* CelebrationView.swift */; };
		A9BE4FE6860D4FD79031EB8C /* GameView.swift in Sources */ = {isa = PBXBuildFile; fileRef = 319DEC99C71A43B5BD957DD7 /* GameView.swift */; };
		E8C11A22B4D04F6AA11C9D01 /* SetupView.swift in Sources */ = {isa = PBXBuildFile; fileRef = B7D44E10A1C24C8F9E55F201 /* SetupView.swift */; };
		4B05435862F94703AF77A6EB /* GameViewModel.swift in Sources */ = {isa = PBXBuildFile; fileRef = E1E22542A9384B43AA98BDC4 /* GameViewModel.swift */; };
		DF3C0D1DCF3F461084DA9111 /* ScoreboardView.swift in Sources */ = {isa = PBXBuildFile; fileRef = FE4AB59DFC4F47EF9D037A48 /* ScoreboardView.swift */; };
		78255C58853D4C20AA8B73AB /* WheelView.swift in Sources */ = {isa = PBXBuildFile; fileRef = 25D310032B1A42A299A33821 /* WheelView.swift */; };
		A3D9A2480C63437B97FD60CB /* ContentStore.swift in Sources */ = {isa = PBXBuildFile; fileRef = 1B237A5699FC4C3CA8AD217D /* ContentStore.swift */; };
		32FE4A0D8983410AA945205B /* L10n.swift in Sources */ = {isa = PBXBuildFile; fileRef = 7B4F4166EB2943F7931F07B5 /* L10n.swift */; };
		B99A0914ED2145938348DD30 /* SpeechService.swift in Sources */ = {isa = PBXBuildFile; fileRef = 11E1D647C292486DBE1FF9EA /* SpeechService.swift */; };
		7DC91187065C42F8B8BB6280 /* content.json in Resources */ = {isa = PBXBuildFile; fileRef = 7CB7DA6CBBB34027A683EC1D /* content.json */; };
		1155BB59F54744B799BD2A0B /* Assets.xcassets in Resources */ = {isa = PBXBuildFile; fileRef = F1847C3DF6F0438090ED015F /* Assets.xcassets */; };
/* End PBXBuildFile section */

/* Begin PBXFileReference section */
		90F4FA2406D94F559356DF57 /* Language Roulette.app */ = {isa = PBXFileReference; explicitFileType = wrapper.application; includeInIndex = 0; path = "Language Roulette.app"; sourceTree = BUILT_PRODUCTS_DIR; };
		9FF9EA1D242D4981BE86443A /* ContentView.swift */ = {isa = PBXFileReference; lastKnownFileType = sourcecode.swift; path = ContentView.swift; sourceTree = "<group>"; };
		4DB18991E80248A98ED29839 /* LanguageRouletteApp.swift */ = {isa = PBXFileReference; lastKnownFileType = sourcecode.swift; path = LanguageRouletteApp.swift; sourceTree = "<group>"; };
		45677ED8F7714E18B6B9B626 /* AppTheme.swift */ = {isa = PBXFileReference; lastKnownFileType = sourcecode.swift; path = AppTheme.swift; sourceTree = "<group>"; };
		9F0F334BC79547D691FBCF2A /* ButtonStyles.swift */ = {isa = PBXFileReference; lastKnownFileType = sourcecode.swift; path = ButtonStyles.swift; sourceTree = "<group>"; };
		ED3B03EEB1674FB79BF0C2E5 /* Category.swift */ = {isa = PBXFileReference; lastKnownFileType = sourcecode.swift; path = Category.swift; sourceTree = "<group>"; };
		D82DEB8831C74681954DBCD0 /* ConfigureView.swift */ = {isa = PBXFileReference; lastKnownFileType = sourcecode.swift; path = ConfigureView.swift; sourceTree = "<group>"; };
		E4264B130CBE4C6AAD40D02B /* ConfigureViewModel.swift */ = {isa = PBXFileReference; lastKnownFileType = sourcecode.swift; path = ConfigureViewModel.swift; sourceTree = "<group>"; };
		4BCD22CC99BB4BE89A532F05 /* CelebrationView.swift */ = {isa = PBXFileReference; lastKnownFileType = sourcecode.swift; path = CelebrationView.swift; sourceTree = "<group>"; };
		319DEC99C71A43B5BD957DD7 /* GameView.swift */ = {isa = PBXFileReference; lastKnownFileType = sourcecode.swift; path = GameView.swift; sourceTree = "<group>"; };
		B7D44E10A1C24C8F9E55F201 /* SetupView.swift */ = {isa = PBXFileReference; lastKnownFileType = sourcecode.swift; path = SetupView.swift; sourceTree = "<group>"; };
		E1E22542A9384B43AA98BDC4 /* GameViewModel.swift */ = {isa = PBXFileReference; lastKnownFileType = sourcecode.swift; path = GameViewModel.swift; sourceTree = "<group>"; };
		FE4AB59DFC4F47EF9D037A48 /* ScoreboardView.swift */ = {isa = PBXFileReference; lastKnownFileType = sourcecode.swift; path = ScoreboardView.swift; sourceTree = "<group>"; };
		25D310032B1A42A299A33821 /* WheelView.swift */ = {isa = PBXFileReference; lastKnownFileType = sourcecode.swift; path = WheelView.swift; sourceTree = "<group>"; };
		1B237A5699FC4C3CA8AD217D /* ContentStore.swift */ = {isa = PBXFileReference; lastKnownFileType = sourcecode.swift; path = ContentStore.swift; sourceTree = "<group>"; };
		7B4F4166EB2943F7931F07B5 /* L10n.swift */ = {isa = PBXFileReference; lastKnownFileType = sourcecode.swift; path = L10n.swift; sourceTree = "<group>"; };
		11E1D647C292486DBE1FF9EA /* SpeechService.swift */ = {isa = PBXFileReference; lastKnownFileType = sourcecode.swift; path = SpeechService.swift; sourceTree = "<group>"; };
		7CB7DA6CBBB34027A683EC1D /* content.json */ = {isa = PBXFileReference; lastKnownFileType = text.json; path = content.json; sourceTree = "<group>"; };
		F1847C3DF6F0438090ED015F /* Assets.xcassets */ = {isa = PBXFileReference; lastKnownFileType = folder.assetcatalog; path = Assets.xcassets; sourceTree = "<group>"; };
		95A57E63EF77401D99344AFE /* Info.plist */ = {isa = PBXFileReference; lastKnownFileType = text.plist.xml; path = Info.plist; sourceTree = "<group>"; };
/* End PBXFileReference section */

/* Begin PBXFrameworksBuildPhase section */
		8473C7FC5B934B8ABF98CFAA /* Frameworks */ = {
			isa = PBXFrameworksBuildPhase;
			buildActionMask = 2147483647;
			files = (
			);
			runOnlyForDeploymentPostprocessing = 0;
		};
/* End PBXFrameworksBuildPhase section */

/* Begin PBXGroup section */
		C5F7A515C95D4FBEBF5DFAD4 /* content */ = {
			isa = PBXGroup;
			children = (
				7CB7DA6CBBB34027A683EC1D /* content.json */,
			);
			path = content;
			sourceTree = "<group>";
		};
		55C5639BE9BB4C5AAD10A422 /* Resources */ = {
			isa = PBXGroup;
			children = (
				C5F7A515C95D4FBEBF5DFAD4 /* content */,
			);
			path = Resources;
			sourceTree = "<group>";
		};
		48BCDBD65AF34F3B8AE16A4B /* Theme */ = {
			isa = PBXGroup;
			children = (
				45677ED8F7714E18B6B9B626 /* AppTheme.swift */,
				9F0F334BC79547D691FBCF2A /* ButtonStyles.swift */,
			);
			path = Theme;
			sourceTree = "<group>";
		};
		C8740935A5C1453EAA4BC26F /* Models */ = {
			isa = PBXGroup;
			children = (
				ED3B03EEB1674FB79BF0C2E5 /* Category.swift */,
			);
			path = Models;
			sourceTree = "<group>";
		};
		79C767F5DC0D424BB9B279BC /* Configure */ = {
			isa = PBXGroup;
			children = (
				D82DEB8831C74681954DBCD0 /* ConfigureView.swift */,
				E4264B130CBE4C6AAD40D02B /* ConfigureViewModel.swift */,
			);
			path = Configure;
			sourceTree = "<group>";
		};
		180E1656C4734B9E9F2BD9A5 /* Game */ = {
			isa = PBXGroup;
			children = (
				4BCD22CC99BB4BE89A532F05 /* CelebrationView.swift */,
				319DEC99C71A43B5BD957DD7 /* GameView.swift */,
				B7D44E10A1C24C8F9E55F201 /* SetupView.swift */,
				E1E22542A9384B43AA98BDC4 /* GameViewModel.swift */,
				FE4AB59DFC4F47EF9D037A48 /* ScoreboardView.swift */,
				25D310032B1A42A299A33821 /* WheelView.swift */,
			);
			path = Game;
			sourceTree = "<group>";
		};
		132AA012D8DE45898C114C9E /* Services */ = {
			isa = PBXGroup;
			children = (
				1B237A5699FC4C3CA8AD217D /* ContentStore.swift */,
				7B4F4166EB2943F7931F07B5 /* L10n.swift */,
				11E1D647C292486DBE1FF9EA /* SpeechService.swift */,
			);
			path = Services;
			sourceTree = "<group>";
		};
		D2F9B383B4ED4B32B929958D /* LanguageRoulette */ = {
			isa = PBXGroup;
			children = (
				9FF9EA1D242D4981BE86443A /* ContentView.swift */,
				4DB18991E80248A98ED29839 /* LanguageRouletteApp.swift */,
				48BCDBD65AF34F3B8AE16A4B /* Theme */,
				C8740935A5C1453EAA4BC26F /* Models */,
				79C767F5DC0D424BB9B279BC /* Configure */,
				180E1656C4734B9E9F2BD9A5 /* Game */,
				132AA012D8DE45898C114C9E /* Services */,
				55C5639BE9BB4C5AAD10A422 /* Resources */,
				F1847C3DF6F0438090ED015F /* Assets.xcassets */,
				95A57E63EF77401D99344AFE /* Info.plist */,
			);
			path = LanguageRoulette;
			sourceTree = "<group>";
		};
		B41ECBA842ED4444A932A54B /* Products */ = {
			isa = PBXGroup;
			children = (
				90F4FA2406D94F559356DF57 /* Language Roulette.app */,
			);
			name = Products;
			sourceTree = "<group>";
		};
		7E549D816FF144F9AA39B4FB = {
			isa = PBXGroup;
			children = (
				D2F9B383B4ED4B32B929958D /* LanguageRoulette */,
				B41ECBA842ED4444A932A54B /* Products */,
			);
			sourceTree = "<group>";
		};
/* End PBXGroup section */

/* Begin PBXNativeTarget section */
		99951D9C503745F49D2F5971 /* LanguageRoulette */ = {
			isa = PBXNativeTarget;
			buildConfigurationList = 3FDF4C0C423D418BA7AD3D73 /* Build configuration list for PBXNativeTarget "LanguageRoulette" */;
			buildPhases = (
				901233E560E34565B2E42B38 /* Sources */,
				8473C7FC5B934B8ABF98CFAA /* Frameworks */,
				301F7AA992B644CCACB06999 /* Resources */,
			);
			buildRules = (
			);
			dependencies = (
			);
			name = LanguageRoulette;
			productName = LanguageRoulette;
			productReference = 90F4FA2406D94F559356DF57 /* Language Roulette.app */;
			productType = "com.apple.product-type.application";
		};
/* End PBXNativeTarget section */

/* Begin PBXProject section */
		32E5365F1F3140B180676030 /* Project object */ = {
			isa = PBXProject;
			attributes = {
				BuildIndependentTargetsInParallel = 1;
				LastSwiftUpdateCheck = 1500;
				LastUpgradeCheck = 1500;
				TargetAttributes = {
					99951D9C503745F49D2F5971 = {
						CreatedOnToolsVersion = 15.0;
					};
				};
			};
			buildConfigurationList = BA04E5B420B1423F8C7FF6DB /* Build configuration list for PBXProject "LanguageRoulette" */;
			compatibilityVersion = "Xcode 14.0";
			developmentRegion = en;
			hasScannedForEncodings = 0;
			knownRegions = (
				en,
				Base,
				de,
			);
			mainGroup = 7E549D816FF144F9AA39B4FB;
			productRefGroup = B41ECBA842ED4444A932A54B /* Products */;
			projectDirPath = "";
			projectRoot = "";
			targets = (
				99951D9C503745F49D2F5971 /* LanguageRoulette */,
			);
		};
/* End PBXProject section */

/* Begin PBXResourcesBuildPhase section */
		301F7AA992B644CCACB06999 /* Resources */ = {
			isa = PBXResourcesBuildPhase;
			buildActionMask = 2147483647;
			files = (
				1155BB59F54744B799BD2A0B /* Assets.xcassets in Resources */,
				7DC91187065C42F8B8BB6280 /* content.json in Resources */,
			);
			runOnlyForDeploymentPostprocessing = 0;
		};
/* End PBXResourcesBuildPhase section */

/* Begin PBXSourcesBuildPhase section */
		901233E560E34565B2E42B38 /* Sources */ = {
			isa = PBXSourcesBuildPhase;
			buildActionMask = 2147483647;
			files = (
				C42553084C334331ACE3EF81 /* ContentView.swift in Sources */,
				DB8A32BA64B54771BC8C2E4B /* LanguageRouletteApp.swift in Sources */,
				08E32F856CAE4F2DA11F408A /* AppTheme.swift in Sources */,
				C16415F7AE294311BE5BEFCD /* ButtonStyles.swift in Sources */,
				183F847340EB4E3289D18A99 /* Category.swift in Sources */,
				14C12348298A438F92C391AC /* ConfigureView.swift in Sources */,
				57155EBC6EE34CAB8B5549BF /* ConfigureViewModel.swift in Sources */,
				C16FD9CD4DF148428CEE879D /* CelebrationView.swift in Sources */,
				A9BE4FE6860D4FD79031EB8C /* GameView.swift in Sources */,
				E8C11A22B4D04F6AA11C9D01 /* SetupView.swift in Sources */,
				4B05435862F94703AF77A6EB /* GameViewModel.swift in Sources */,
				DF3C0D1DCF3F461084DA9111 /* ScoreboardView.swift in Sources */,
				78255C58853D4C20AA8B73AB /* WheelView.swift in Sources */,
				A3D9A2480C63437B97FD60CB /* ContentStore.swift in Sources */,
				32FE4A0D8983410AA945205B /* L10n.swift in Sources */,
				B99A0914ED2145938348DD30 /* SpeechService.swift in Sources */,
			);
			runOnlyForDeploymentPostprocessing = 0;
		};
/* End PBXSourcesBuildPhase section */

/* Begin XCBuildConfiguration section */
		09C52C595E6D40529CEFA6CF /* Debug */ = {
			isa = XCBuildConfiguration;
			buildSettings = {
				ALWAYS_SEARCH_USER_PATHS = NO;
				CLANG_ENABLE_MODULES = YES;
				CLANG_ENABLE_OBJC_ARC = YES;
				COPY_PHASE_STRIP = NO;
				IPHONEOS_DEPLOYMENT_TARGET = 17.0;
				SDKROOT = iphoneos;
				SWIFT_VERSION = 5.0;
				ONLY_ACTIVE_ARCH = YES;
				SWIFT_OPTIMIZATION_LEVEL = "-Onone";
				ENABLE_TESTABILITY = YES;
			};
			name = Debug;
		};
		80B991AF00714DF5B604CD12 /* Release */ = {
			isa = XCBuildConfiguration;
			buildSettings = {
				ALWAYS_SEARCH_USER_PATHS = NO;
				CLANG_ENABLE_MODULES = YES;
				CLANG_ENABLE_OBJC_ARC = YES;
				COPY_PHASE_STRIP = NO;
				IPHONEOS_DEPLOYMENT_TARGET = 17.0;
				SDKROOT = iphoneos;
				SWIFT_VERSION = 5.0;
				SWIFT_COMPILATION_MODE = wholemodule;
				VALIDATE_PRODUCT = YES;
			};
			name = Release;
		};
		29E9586BF168444082B6B794 /* Debug */ = {
			isa = XCBuildConfiguration;
			buildSettings = {
				ASSETCATALOG_COMPILER_APPICON_NAME = AppIcon;
				ASSETCATALOG_COMPILER_GLOBAL_ACCENT_COLOR_NAME = AccentColor;
				CODE_SIGN_STYLE = Automatic;
				CURRENT_PROJECT_VERSION = 1;
				DEVELOPMENT_TEAM = "";
				ENABLE_PREVIEWS = YES;
				GENERATE_INFOPLIST_FILE = NO;
				INFOPLIST_FILE = LanguageRoulette/Info.plist;
				MARKETING_VERSION = 1.0;
				PRODUCT_BUNDLE_IDENTIFIER = com.spirea89.LanguageRoulette;
				PRODUCT_NAME = "Language Roulette";
				SUPPORTED_PLATFORMS = "iphoneos iphonesimulator";
				SUPPORTS_MACCATALYST = NO;
				SWIFT_EMIT_LOC_STRINGS = YES;
				SWIFT_VERSION = 5.0;
				TARGETED_DEVICE_FAMILY = "1,2";
				LD_RUNPATH_SEARCH_PATHS = (
					"$(inherited)",
					"@executable_path/Frameworks",
				);
			};
			name = Debug;
		};
		0DAF03872C4C41BBA1561E80 /* Release */ = {
			isa = XCBuildConfiguration;
			buildSettings = {
				ASSETCATALOG_COMPILER_APPICON_NAME = AppIcon;
				ASSETCATALOG_COMPILER_GLOBAL_ACCENT_COLOR_NAME = AccentColor;
				CODE_SIGN_STYLE = Automatic;
				CURRENT_PROJECT_VERSION = 1;
				DEVELOPMENT_TEAM = "";
				ENABLE_PREVIEWS = YES;
				GENERATE_INFOPLIST_FILE = NO;
				INFOPLIST_FILE = LanguageRoulette/Info.plist;
				MARKETING_VERSION = 1.0;
				PRODUCT_BUNDLE_IDENTIFIER = com.spirea89.LanguageRoulette;
				PRODUCT_NAME = "Language Roulette";
				SUPPORTED_PLATFORMS = "iphoneos iphonesimulator";
				SUPPORTS_MACCATALYST = NO;
				SWIFT_EMIT_LOC_STRINGS = YES;
				SWIFT_VERSION = 5.0;
				TARGETED_DEVICE_FAMILY = "1,2";
				LD_RUNPATH_SEARCH_PATHS = (
					"$(inherited)",
					"@executable_path/Frameworks",
				);
			};
			name = Release;
		};
/* End XCBuildConfiguration section */

/* Begin XCConfigurationList section */
		BA04E5B420B1423F8C7FF6DB /* Build configuration list for PBXProject "LanguageRoulette" */ = {
			isa = XCConfigurationList;
			buildConfigurations = (
				09C52C595E6D40529CEFA6CF /* Debug */,
				80B991AF00714DF5B604CD12 /* Release */,
			);
			defaultConfigurationIsVisible = 0;
			defaultConfigurationName = Release;
		};
		3FDF4C0C423D418BA7AD3D73 /* Build configuration list for PBXNativeTarget "LanguageRoulette" */ = {
			isa = XCConfigurationList;
			buildConfigurations = (
				29E9586BF168444082B6B794 /* Debug */,
				0DAF03872C4C41BBA1561E80 /* Release */,
			);
			defaultConfigurationIsVisible = 0;
			defaultConfigurationName = Release;
		};
/* End XCConfigurationList section */
	};
	rootObject = 32E5365F1F3140B180676030 /* Project object */;
}
